{
  "version": 4,
  "terraform_version": "1.2.2",
  "serial": 121,
  "lineage": "562bc503-be5d-25e2-1967-95d4c9e65265",
  "outputs": {
    "app_id": {
      "value": "myapp",
      "type": "string"
    },
    "endpoint_url": {
      "value": "myenv4.eba-wa4k6dwd.us-east-1.elasticbeanstalk.com",
      "type": "string"
    },
    "env_name": {
      "value": "myenv4",
      "type": "string"
    },
    "instance_id": {
      "value": {
        "created_by": "akshay-terraform"
      },
      "type": [
        "map",
        "string"
      ]
    },
    "keyname": {
      "value": "cloudwatch",
      "type": "string"
    }
  },
  "resources": [
    {
      "mode": "data",
      "type": "aws_iam_policy_document",
      "name": "assume_policy",
      "provider": "provider[\"registry.terraform.io/hashicorp/aws\"]",
      "instances": [
        {
          "schema_version": 0,
          "attributes": {
            "id": "1903849331",
            "json": "{\n  \"Version\": \"2012-10-17\",\n  \"Statement\": [\n    {\n      \"Sid\": \"\",\n      \"Effect\": \"Allow\",\n      \"Action\": \"sts:AssumeRole\",\n      \"Principal\": {\n        \"Service\": \"ec2.amazonaws.com\"\n      }\n    }\n  ]\n}",
            "override_json": null,
            "override_policy_documents": null,
            "policy_id": null,
            "source_json": null,
            "source_policy_documents": null,
            "statement": [
              {
                "actions": [
                  "sts:AssumeRole"
                ],
                "condition": [],
                "effect": "Allow",
                "not_actions": [],
                "not_principals": [],
                "not_resources": [],
                "principals": [
                  {
                    "identifiers": [
                      "ec2.amazonaws.com"
                    ],
                    "type": "Service"
                  }
                ],
                "resources": [],
                "sid": ""
              }
            ],
            "version": "2012-10-17"
          },
          "sensitive_attributes": []
        }
      ]
    },
    {
      "mode": "data",
      "type": "aws_iam_policy_document",
      "name": "permissions",
      "provider": "provider[\"registry.terraform.io/hashicorp/aws\"]",
      "instances": [
        {
          "schema_version": 0,
          "attributes": {
            "id": "3087235730",
            "json": "{\n  \"Version\": \"2012-10-17\",\n  \"Statement\": [\n    {\n      \"Sid\": \"\",\n      \"Effect\": \"Allow\",\n      \"Action\": [\n        \"ssm:*\",\n        \"sqs:*\",\n        \"s3:*\",\n        \"ec2messages:*\",\n        \"ec2:DescribeInstanceStatus\",\n        \"cloudwatch:PutMetricData\"\n      ],\n      \"Resource\": \"*\"\n    }\n  ]\n}",
            "override_json": null,
            "override_policy_documents": null,
            "policy_id": null,
            "source_json": null,
            "source_policy_documents": null,
            "statement": [
              {
                "actions": [
                  "cloudwatch:PutMetricData",
                  "ec2:DescribeInstanceStatus",
                  "ec2messages:*",
                  "s3:*",
                  "sqs:*",
                  "ssm:*"
                ],
                "condition": [],
                "effect": "Allow",
                "not_actions": [],
                "not_principals": [],
                "not_resources": [],
                "principals": [],
                "resources": [
                  "*"
                ],
                "sid": ""
              }
            ],
            "version": "2012-10-17"
          },
          "sensitive_attributes": []
        }
      ]
    },
    {
      "mode": "data",
      "type": "template_file",
      "name": "dashboard-script",
      "provider": "provider[\"registry.terraform.io/hashicorp/template\"]",
      "instances": [
        {
          "schema_version": 0,
          "attributes": {
            "filename": null,
            "id": "493e9bf8b8cd5a9621f3c15eb225b30a4ca273247067ce0f7d78c1a8ac26ba0f",
            "rendered": "#!/bin/bash\nsudo yum install -y perl-Switch perl-DateTime perl-Sys-Syslog perl-LWP-Protocol-https perl-Digest-SHA.x86_64\nwget http://download.opensuse.org/repositories/devel:/languages:/perl/SLE_15_SP3/noarch/perl-Switch-2.17-32.1.noarch.rpm\nsudo rpm -i perl-Switch-2.17-32.1.noarch.rpm --nodeps\ncd /opt/\ncurl https://aws-cloudwatch.s3.amazonaws.com/downloads/CloudWatchMonitoringScripts-1.2.2.zip -O\nunzip CloudWatchMonitoringScripts-1.2.2.zip\nrm CloudWatchMonitoringScripts-1.2.2.zip\ncd /opt/aws-scripts-mon/\nrm -rf awscreds.template\necho -e \"AWSAccessKeyId=AKIATMKG3Z7QU55JWJ5F \\nAWSSecretKey=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\" \u003e\u003e awscreds.template\n./mon-put-instance-data.pl --mem-util --mem-used --mem-avail --disk-space-util --disk-space-used --disk-space-avail  --disk-path=/ --aws-access-key-id=\"AKIATMKG3Z7QU55JWJ5F\" --aws-secret-key=\"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\"\necho -e \"$(sudo crontab -u root -l)\\n* * * * * /opt/aws-scripts-mon/mon-put-instance-data.pl --mem-util --mem-used --mem-avail --disk-space-util --disk-space-used --disk-space-avail  --disk-path=/ --from-cron \" | sudo crontab -u root -",
            "template": "#!/bin/bash\nsudo yum install -y perl-Switch perl-DateTime perl-Sys-Syslog perl-LWP-Protocol-https perl-Digest-SHA.x86_64\nwget http://download.opensuse.org/repositories/devel:/languages:/perl/SLE_15_SP3/noarch/perl-Switch-2.17-32.1.noarch.rpm\nsudo rpm -i perl-Switch-2.17-32.1.noarch.rpm --nodeps\ncd /opt/\ncurl https://aws-cloudwatch.s3.amazonaws.com/downloads/CloudWatchMonitoringScripts-1.2.2.zip -O\nunzip CloudWatchMonitoringScripts-1.2.2.zip\nrm CloudWatchMonitoringScripts-1.2.2.zip\ncd /opt/aws-scripts-mon/\nrm -rf awscreds.template\necho -e \"AWSAccessKeyId=AKIATMKG3Z7QU55JWJ5F \\nAWSSecretKey=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\" \u003e\u003e awscreds.template\n./mon-put-instance-data.pl --mem-util --mem-used --mem-avail --disk-space-util --disk-space-used --disk-space-avail  --disk-path=/ --aws-access-key-id=\"AKIATMKG3Z7QU55JWJ5F\" --aws-secret-key=\"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\"\necho -e \"$(sudo crontab -u root -l)\\n* * * * * /opt/aws-scripts-mon/mon-put-instance-data.pl --mem-util --mem-used --mem-avail --disk-space-util --disk-space-used --disk-space-avail  --disk-path=/ --from-cron \" | sudo crontab -u root -",
            "vars": null
          },
          "sensitive_attributes": []
        }
      ]
    },
    {
      "mode": "managed",
      "type": "aws_cloudwatch_dashboard",
      "name": "main",
      "provider": "provider[\"registry.terraform.io/hashicorp/aws\"]",
      "instances": [
        {
          "schema_version": 0,
          "attributes": {
            "dashboard_arn": "arn:aws:cloudwatch::232613728225:dashboard/beanstalk-dashboard",
            "dashboard_body": "{\n  \"widgets\": [\n    {\n      \"type\": \"metric\",\n      \"x\": 0,\n      \"y\": 0,\n      \"width\": 12,\n      \"height\": 6,\n      \"properties\": {\n        \"metrics\": [\n          [\n            \"AWS/EC2\",\n            \"CPUUtilization\",\n            \"ImageId\",\n            \"arn:aws:elasticbeanstalk:us-east-1:232613728225:environment/myapp/myenv4\"\n          ]\n        ],\n        \"period\": 300,\n        \"stat\": \"Average\",\n        \"timezone\":\"-0530\",\n        \"region\": \"us-east-1\",\n        \"title\": \"EC2 Instance CPU\"\n      }\n    },\n    {\n      \"type\": \"metric\",\n      \"x\": 0,\n      \"y\": 0,\n      \"width\": 12,\n      \"height\": 6,\n      \"properties\": {\n        \"metrics\": [\n          [\n            \"AWS/ElasticBeanstalk\",\n            \"EnvironmentHealth\",\n            \"EnvironmentName\",\n            \"myenv4\"\n          ]\n        ],\n        \"period\": 300,\n        \"stat\": \"Average\",\n        \"timezone\":\"-0530\",\n        \"region\": \"us-east-1\",\n        \"title\": \"beanstalk-environemnt\"\n      }\n    },\n    {\n      \"type\": \"metric\",\n      \"x\": 20,\n      \"y\": 0,\n      \"width\": 12,\n      \"height\": 6,\n      \"properties\": {\n        \"metrics\": [\n          [\n            \"AWS/EC2\",\n            \"NetworkIn\",\n            \"InstanceId\",\n            \"arn:aws:elasticbeanstalk:us-east-1:232613728225:environment/myapp/myenv4\",\n             {\n               \"yAxis\":\"right\",\n               \"label\":\"NetworkIn\",\n               \"period\":3600,\n               \"stat\":\"Maximum\"\n            }\n          ]\n        ],\n        \"period\": 300,\n        \"stat\": \"Average\",\n        \"timezone\":\"-0530\",\n        \"region\": \"us-east-1\",\n        \"title\": \"Network Input\"\n      }\n    },\n    {\n      \"type\": \"metric\",\n      \"x\": 0,\n      \"y\": 20,\n      \"width\": 12,\n      \"height\": 6,\n      \"properties\": {\n        \"metrics\": [\n          [\n            \"System/Linux\",\n            \"MemoryUtilization\",\n            \"InstanceId\",\n            \"arn:aws:elasticbeanstalk:us-east-1:232613728225:environment/myapp/myenv4\"\n          ],\n          [\n            \"System/Linux\",\n            \"MemoryUsed\",\n            \"InstanceId\",\n            \"arn:aws:elasticbeanstalk:us-east-1:232613728225:environment/myapp/myenv4\"\n          ],\n          [\n            \"System/Linux\",\n            \"MemoryAvailable\",\n            \"InstanceId\",\n            \"arn:aws:elasticbeanstalk:us-east-1:232613728225:environment/myapp/myenv4\"\n          ]\n        ], \n        \"view\": \"gauge\",\n        \"yAxis\":{\n              \"left\":{\n                      \"min\":0,\n                      \"max\":1000000000\n                     }\n                 },\n        \"stat\": \"Maximum\",\n        \"region\": \"us-east-1\",\n        \"timezone\":\"-0530\",\n        \"liveData\": true,\n        \"title\": \"Memory throughput\"\n      }\n    },\n    {\n      \"type\": \"metric\",\n      \"x\": 0,\n      \"y\": 20,\n      \"width\": 12,\n      \"height\": 6,\n      \"properties\": {\n        \"metrics\": [\n          [\n            \"System/Linux\",\n            \"MemoryUtilization\",\n            \"InstanceId\",\n            \"arn:aws:elasticbeanstalk:us-east-1:232613728225:environment/myapp/myenv4\"\n          ],\n          [\n            \"System/Linux\",\n            \"MemoryUsed\",\n            \"InstanceId\",\n            \"arn:aws:elasticbeanstalk:us-east-1:232613728225:environment/myapp/myenv4\"\n          ]\n        ], \n        \"view\": \"gauge\",\n        \"yAxis\":{\n              \"left\":{\n                      \"min\":0,\n                      \"max\":1000000000\n                     }\n                 },\n        \"stat\": \"Maximum\",\n        \"region\": \"us-east-1\",\n        \"timezone\":\"-0530\",\n        \"liveData\": true,\n        \"title\": \"Memory instance\"\n      }\n    },\n    {\n      \"type\": \"metric\",\n      \"x\": 0,\n      \"y\": 20,\n      \"width\": 12,\n      \"height\": 6,\n      \"properties\": {\n        \"metrics\": [\n          [\n             \"System/Linux\",\n            \"DiskSpaceUtilization\",\n            \"MountPath\",\n            \"/\",\n            \"Instance name\",\n            \"myenv4\",\n            \"Filesystem\",\n            \"/dev/xvda1\"\n          ],\n          [\n             \"System/Linux\",\n            \"DiskSpaceUsed\",\n            \"MountPath\",\n            \"/\",\n            \"Instance name\",\n            \"myenv4\",\n            \"Filesystem\",\n            \"/dev/xvda1\"\n          ]\n        ], \n        \"view\": \"gauge\",\n        \"yAxis\":{\n              \"left\":{\n                      \"min\":0,\n                      \"max\":8000000000\n                     }\n                 },\n        \"stat\": \"Maximum\",\n        \"region\": \"us-east-1\",\n        \"timezone\":\"-0530\",\n        \"liveData\": true,\n        \"title\": \"Disk used status\"\n      }\n    },\n    {\n      \"type\": \"metric\",\n      \"x\": 0,\n      \"y\": 0,\n      \"width\": 12,\n      \"height\": 6,\n      \"properties\": {\n        \"metrics\": [\n          [\n            \"System/Linux\",\n            \"DiskSpaceAvailable\",\n            \"MountPath\",\n            \"/\",\n            \"InstanceId\",\n            \"arn:aws:elasticbeanstalk:us-east-1:232613728225:environment/myapp/myenv4\",\n            \"Filesystem\",\n            \"/dev/xvda1\"\n          ]\n        ],\n        \"view\": \"gauge\",\n        \"yAxis\":{\n              \"left\":{\n                      \"min\":0,\n                      \"max\":8000000000\n                     }\n                 },\n        \"period\": 300,\n        \"stat\": \"Maximum\",\n        \"timezone\":\"-0530\",\n        \"liveData\": true,\n        \"region\": \"us-east-1\",\n        \"title\": \"Available Disk space\"\n      }\n    }\n  ]\n}\n",
            "dashboard_name": "beanstalk-dashboard",
            "id": "beanstalk-dashboard"
          },
          "sensitive_attributes": [],
          "private": "bnVsbA==",
          "dependencies": [
            "aws_elastic_beanstalk_application.elasticapp",
            "aws_elastic_beanstalk_environment.beanstalkappenv",
            "aws_iam_instance_profile.ec2_eb_profile",
            "aws_key_pair.cloudwatch"
          ]
        }
      ]
    },
    {
      "mode": "managed",
      "type": "aws_elastic_beanstalk_application",
      "name": "elasticapp",
      "provider": "provider[\"registry.terraform.io/hashicorp/aws\"]",
      "instances": [
        {
          "schema_version": 0,
          "attributes": {
            "appversion_lifecycle": [],
            "arn": "arn:aws:elasticbeanstalk:us-east-1:232613728225:application/myapp",
            "description": "",
            "id": "myapp",
            "name": "myapp",
            "tags": {},
            "tags_all": {}
          },
          "sensitive_attributes": [],
          "private": "bnVsbA=="
        }
      ]
    },
    {
      "mode": "managed",
      "type": "aws_elastic_beanstalk_environment",
      "name": "beanstalkappenv",
      "provider": "provider[\"registry.terraform.io/hashicorp/aws\"]",
      "instances": [
        {
          "schema_version": 1,
          "attributes": {
            "all_settings": [
              {
                "name": "AccessLogsS3Bucket",
                "namespace": "aws:elbv2:loadbalancer",
                "resource": "",
                "value": ""
              },
              {
                "name": "AccessLogsS3Enabled",
                "namespace": "aws:elbv2:loadbalancer",
                "resource": "",
                "value": "false"
              },
              {
                "name": "AccessLogsS3Prefix",
                "namespace": "aws:elbv2:loadbalancer",
                "resource": "",
                "value": ""
              },
              {
                "name": "AppSource",
                "namespace": "aws:cloudformation:template:parameter",
                "resource": "",
                "value": "https://elasticbeanstalk-platform-assets-us-east-1.s3.amazonaws.com/stalks/eb_docker_amazon_linux_2_1.0.2033.0_20220616142554/sampleapp/EBSampleApp-Docker.zip"
              },
              {
                "name": "Application Healthcheck URL",
                "namespace": "aws:elasticbeanstalk:application",
                "resource": "",
                "value": ""
              },
              {
                "name": "AssociatePublicIpAddress",
                "namespace": "aws:ec2:vpc",
                "resource": "",
                "value": "true"
              },
              {
                "name": "Automatically Terminate Unhealthy Instances",
                "namespace": "aws:elasticbeanstalk:monitoring",
                "resource": "",
                "value": "true"
              },
              {
                "name": "Availability Zones",
                "namespace": "aws:autoscaling:asg",
                "resource": "",
                "value": "Any"
              },
              {
                "name": "BatchSize",
                "namespace": "aws:elasticbeanstalk:command",
                "resource": "",
                "value": "1"
              },
              {
                "name": "BatchSizeType",
                "namespace": "aws:elasticbeanstalk:command",
                "resource": "",
                "value": "Fixed"
              },
              {
                "name": "BlockDeviceMappings",
                "namespace": "aws:autoscaling:launchconfiguration",
                "resource": "",
                "value": ""
              },
              {
                "name": "BreachDuration",
                "namespace": "aws:autoscaling:trigger",
                "resource": "",
                "value": "5"
              },
              {
                "name": "ConfigDocument",
                "namespace": "aws:elasticbeanstalk:healthreporting:system",
                "resource": "",
                "value": "{\"Version\":1,\"CloudWatchMetrics\":{\"Instance\":{\"CPUIrq\":null,\"LoadAverage5min\":null,\"ApplicationRequests5xx\":null,\"ApplicationRequests4xx\":null,\"CPUUser\":null,\"LoadAverage1min\":null,\"ApplicationLatencyP50\":null,\"CPUIdle\":null,\"InstanceHealth\":null,\"ApplicationLatencyP95\":null,\"ApplicationLatencyP85\":null,\"RootFilesystemUtil\":null,\"ApplicationLatencyP90\":null,\"CPUSystem\":null,\"ApplicationLatencyP75\":null,\"CPUSoftirq\":null,\"ApplicationLatencyP10\":null,\"ApplicationLatencyP99\":null,\"ApplicationRequestsTotal\":null,\"ApplicationLatencyP99.9\":null,\"ApplicationRequests3xx\":null,\"ApplicationRequests2xx\":null,\"CPUIowait\":null,\"CPUNice\":null},\"Environment\":{\"InstancesSevere\":null,\"InstancesDegraded\":null,\"ApplicationRequests5xx\":null,\"ApplicationRequests4xx\":null,\"ApplicationLatencyP50\":null,\"ApplicationLatencyP95\":null,\"ApplicationLatencyP85\":null,\"InstancesUnknown\":null,\"ApplicationLatencyP90\":null,\"InstancesInfo\":null,\"InstancesPending\":null,\"ApplicationLatencyP75\":null,\"ApplicationLatencyP10\":null,\"ApplicationLatencyP99\":null,\"ApplicationRequestsTotal\":null,\"InstancesNoData\":null,\"ApplicationLatencyP99.9\":null,\"ApplicationRequests3xx\":null,\"ApplicationRequests2xx\":null,\"InstancesOk\":null,\"InstancesWarning\":null}}}"
              },
              {
                "name": "Cooldown",
                "namespace": "aws:autoscaling:asg",
                "resource": "",
                "value": "360"
              },
              {
                "name": "Custom Availability Zones",
                "namespace": "aws:autoscaling:asg",
                "resource": "",
                "value": ""
              },
              {
                "name": "DefaultProcess",
                "namespace": "aws:elbv2:listener:default",
                "resource": "",
                "value": "default"
              },
              {
                "name": "DefaultSSHPort",
                "namespace": "aws:elasticbeanstalk:control",
                "resource": "",
                "value": "22"
              },
              {
                "name": "DeleteOnTerminate",
                "namespace": "aws:elasticbeanstalk:cloudwatch:logs",
                "resource": "",
                "value": "false"
              },
              {
                "name": "DeleteOnTerminate",
                "namespace": "aws:elasticbeanstalk:cloudwatch:logs:health",
                "resource": "",
                "value": "false"
              },
              {
                "name": "DeploymentPolicy",
                "namespace": "aws:elasticbeanstalk:command",
                "resource": "",
                "value": "Rolling"
              },
              {
                "name": "DeregistrationDelay",
                "namespace": "aws:elasticbeanstalk:environment:process:default",
                "resource": "",
                "value": "20"
              },
              {
                "name": "DisableIMDSv1",
                "namespace": "aws:autoscaling:launchconfiguration",
                "resource": "",
                "value": "false"
              },
              {
                "name": "EC2KeyName",
                "namespace": "aws:autoscaling:launchconfiguration",
                "resource": "",
                "value": "cloudwatch"
              },
              {
                "name": "ELBScheme",
                "namespace": "aws:ec2:vpc",
                "resource": "",
                "value": "internet facing"
              },
              {
                "name": "ELBSubnets",
                "namespace": "aws:ec2:vpc",
                "resource": "",
                "value": "subnet-09276eb5e0fab2684,subnet-0fa682f9a3421fecb"
              },
              {
                "name": "EnableCapacityRebalancing",
                "namespace": "aws:autoscaling:asg",
                "resource": "",
                "value": "false"
              },
              {
                "name": "EnableSpot",
                "namespace": "aws:ec2:instances",
                "resource": "",
                "value": "false"
              },
              {
                "name": "EnhancedHealthAuthEnabled",
                "namespace": "aws:elasticbeanstalk:healthreporting:system",
                "resource": "",
                "value": "true"
              },
              {
                "name": "EnvironmentType",
                "namespace": "aws:elasticbeanstalk:environment",
                "resource": "",
                "value": "LoadBalanced"
              },
              {
                "name": "EnvironmentVariables",
                "namespace": "aws:cloudformation:template:parameter",
                "resource": "",
                "value": ""
              },
              {
                "name": "EvaluationPeriods",
                "namespace": "aws:autoscaling:trigger",
                "resource": "",
                "value": "1"
              },
              {
                "name": "EvaluationTime",
                "namespace": "aws:elasticbeanstalk:trafficsplitting",
                "resource": "",
                "value": ""
              },
              {
                "name": "ExternalExtensionsS3Bucket",
                "namespace": "aws:elasticbeanstalk:environment",
                "resource": "",
                "value": ""
              },
              {
                "name": "ExternalExtensionsS3Key",
                "namespace": "aws:elasticbeanstalk:environment",
                "resource": "",
                "value": ""
              },
              {
                "name": "HasCoupledDatabase",
                "namespace": "aws:rds:dbinstance",
                "resource": "",
                "value": "false"
              },
              {
                "name": "HealthCheckInterval",
                "namespace": "aws:elasticbeanstalk:environment:process:default",
                "resource": "",
                "value": "15"
              },
              {
                "name": "HealthCheckPath",
                "namespace": "aws:elasticbeanstalk:environment:process:default",
                "resource": "",
                "value": "/"
              },
              {
                "name": "HealthCheckSuccessThreshold",
                "namespace": "aws:elasticbeanstalk:healthreporting:system",
                "resource": "",
                "value": "Ok"
              },
              {
                "name": "HealthCheckTimeout",
                "namespace": "aws:elasticbeanstalk:environment:process:default",
                "resource": "",
                "value": "5"
              },
              {
                "name": "HealthStreamingEnabled",
                "namespace": "aws:elasticbeanstalk:cloudwatch:logs:health",
                "resource": "",
                "value": "true"
              },
              {
                "name": "HealthyThresholdCount",
                "namespace": "aws:elasticbeanstalk:environment:process:default",
                "resource": "",
                "value": "3"
              },
              {
                "name": "HooksPkgUrl",
                "namespace": "aws:cloudformation:template:parameter",
                "resource": "",
                "value": "https://elasticbeanstalk-platform-assets-us-east-1.s3.amazonaws.com/stalks/eb_docker_amazon_linux_2_1.0.2033.0_20220616142554/lib/hooks.tar.gz"
              },
              {
                "name": "IamInstanceProfile",
                "namespace": "aws:autoscaling:launchconfiguration",
                "resource": "",
                "value": "event-driven-ec2-profile"
              },
              {
                "name": "IdleTimeout",
                "namespace": "aws:elbv2:loadbalancer",
                "resource": "",
                "value": ""
              },
              {
                "name": "IgnoreHealthCheck",
                "namespace": "aws:elasticbeanstalk:command",
                "resource": "",
                "value": "false"
              },
              {
                "name": "ImageId",
                "namespace": "aws:autoscaling:launchconfiguration",
                "resource": "",
                "value": "ami-0f0112b6dd74c51f1"
              },
              {
                "name": "InstancePort",
                "namespace": "aws:cloudformation:template:parameter",
                "resource": "",
                "value": "80"
              },
              {
                "name": "InstanceRefreshEnabled",
                "namespace": "aws:elasticbeanstalk:managedactions:platformupdate",
                "resource": "",
                "value": "false"
              },
              {
                "name": "InstanceType",
                "namespace": "aws:autoscaling:launchconfiguration",
                "resource": "",
                "value": "t2.micro"
              },
              {
                "name": "InstanceTypeFamily",
                "namespace": "aws:cloudformation:template:parameter",
                "resource": "",
                "value": "t2"
              },
              {
                "name": "InstanceTypes",
                "namespace": "aws:ec2:instances",
                "resource": "",
                "value": "t2.micro"
              },
              {
                "name": "LaunchTimeout",
                "namespace": "aws:elasticbeanstalk:control",
                "resource": "",
                "value": "0"
              },
              {
                "name": "LaunchType",
                "namespace": "aws:elasticbeanstalk:control",
                "resource": "",
                "value": "Migration"
              },
              {
                "name": "ListenerEnabled",
                "namespace": "aws:elbv2:listener:default",
                "resource": "",
                "value": "true"
              },
              {
                "name": "LoadBalancerIsShared",
                "namespace": "aws:elasticbeanstalk:environment",
                "resource": "",
                "value": "false"
              },
              {
                "name": "LoadBalancerType",
                "namespace": "aws:elasticbeanstalk:environment",
                "resource": "",
                "value": "application"
              },
              {
                "name": "LogPublicationControl",
                "namespace": "aws:elasticbeanstalk:hostmanager",
                "resource": "",
                "value": "false"
              },
              {
                "name": "LowerBreachScaleIncrement",
                "namespace": "aws:autoscaling:trigger",
                "resource": "",
                "value": "-1"
              },
              {
                "name": "LowerThreshold",
                "namespace": "aws:autoscaling:trigger",
                "resource": "",
                "value": "2000000"
              },
              {
                "name": "ManagedActionsEnabled",
                "namespace": "aws:elasticbeanstalk:managedactions",
                "resource": "",
                "value": "false"
              },
              {
                "name": "MatcherHTTPCode",
                "namespace": "aws:elasticbeanstalk:environment:process:default",
                "resource": "",
                "value": "200"
              },
              {
                "name": "MaxBatchSize",
                "namespace": "aws:autoscaling:updatepolicy:rollingupdate",
                "resource": "",
                "value": ""
              },
              {
                "name": "MaxSize",
                "namespace": "aws:autoscaling:asg",
                "resource": "",
                "value": "2"
              },
              {
                "name": "MeasureName",
                "namespace": "aws:autoscaling:trigger",
                "resource": "",
                "value": "NetworkOut"
              },
              {
                "name": "MinInstancesInService",
                "namespace": "aws:autoscaling:updatepolicy:rollingupdate",
                "resource": "",
                "value": "1"
              },
              {
                "name": "MinSize",
                "namespace": "aws:autoscaling:asg",
                "resource": "",
                "value": "1"
              },
              {
                "name": "MonitoringInterval",
                "namespace": "aws:autoscaling:launchconfiguration",
                "resource": "",
                "value": "5 minute"
              },
              {
                "name": "NewVersionPercent",
                "namespace": "aws:elasticbeanstalk:trafficsplitting",
                "resource": "",
                "value": ""
              },
              {
                "name": "Notification Endpoint",
                "namespace": "aws:elasticbeanstalk:sns:topics",
                "resource": "",
                "value": ""
              },
              {
                "name": "Notification Protocol",
                "namespace": "aws:elasticbeanstalk:sns:topics",
                "resource": "",
                "value": "email"
              },
              {
                "name": "Notification Topic ARN",
                "namespace": "aws:elasticbeanstalk:sns:topics",
                "resource": "",
                "value": ""
              },
              {
                "name": "Notification Topic Name",
                "namespace": "aws:elasticbeanstalk:sns:topics",
                "resource": "",
                "value": ""
              },
              {
                "name": "PauseTime",
                "namespace": "aws:autoscaling:updatepolicy:rollingupdate",
                "resource": "",
                "value": ""
              },
              {
                "name": "Period",
                "namespace": "aws:autoscaling:trigger",
                "resource": "",
                "value": "5"
              },
              {
                "name": "Port",
                "namespace": "aws:elasticbeanstalk:environment:process:default",
                "resource": "",
                "value": "80"
              },
              {
                "name": "PreferredStartTime",
                "namespace": "aws:elasticbeanstalk:managedactions",
                "resource": "",
                "value": ""
              },
              {
                "name": "Protocol",
                "namespace": "aws:elasticbeanstalk:environment:process:default",
                "resource": "",
                "value": "HTTP"
              },
              {
                "name": "Protocol",
                "namespace": "aws:elbv2:listener:default",
                "resource": "",
                "value": "HTTP"
              },
              {
                "name": "ProxyServer",
                "namespace": "aws:elasticbeanstalk:environment:proxy",
                "resource": "",
                "value": "nginx"
              },
              {
                "name": "RetentionInDays",
                "namespace": "aws:elasticbeanstalk:cloudwatch:logs",
                "resource": "",
                "value": "7"
              },
              {
                "name": "RetentionInDays",
                "namespace": "aws:elasticbeanstalk:cloudwatch:logs:health",
                "resource": "",
                "value": "7"
              },
              {
                "name": "RollbackLaunchOnFailure",
                "namespace": "aws:elasticbeanstalk:control",
                "resource": "",
                "value": "false"
              },
              {
                "name": "RollingUpdateEnabled",
                "namespace": "aws:autoscaling:updatepolicy:rollingupdate",
                "resource": "",
                "value": "false"
              },
              {
                "name": "RollingUpdateType",
                "namespace": "aws:autoscaling:updatepolicy:rollingupdate",
                "resource": "",
                "value": "Time"
              },
              {
                "name": "RootVolumeIOPS",
                "namespace": "aws:autoscaling:launchconfiguration",
                "resource": "",
                "value": ""
              },
              {
                "name": "RootVolumeSize",
                "namespace": "aws:autoscaling:launchconfiguration",
                "resource": "",
                "value": ""
              },
              {
                "name": "RootVolumeThroughput",
                "namespace": "aws:autoscaling:launchconfiguration",
                "resource": "",
                "value": ""
              },
              {
                "name": "RootVolumeType",
                "namespace": "aws:autoscaling:launchconfiguration",
                "resource": "",
                "value": ""
              },
              {
                "name": "Rules",
                "namespace": "aws:elbv2:listener:default",
                "resource": "",
                "value": ""
              },
              {
                "name": "SSHSourceRestriction",
                "namespace": "aws:autoscaling:launchconfiguration",
                "resource": "",
                "value": "tcp,22,22,0.0.0.0/0"
              },
              {
                "name": "SSLCertificateArns",
                "namespace": "aws:elbv2:listener:default",
                "resource": "",
                "value": ""
              },
              {
                "name": "SSLPolicy",
                "namespace": "aws:elbv2:listener:default",
                "resource": "",
                "value": ""
              },
              {
                "name": "SecurityGroups",
                "namespace": "aws:autoscaling:launchconfiguration",
                "resource": "",
                "value": ""
              },
              {
                "name": "SecurityGroups",
                "namespace": "aws:elbv2:loadbalancer",
                "resource": "",
                "value": ""
              },
              {
                "name": "ServiceRole",
                "namespace": "aws:elasticbeanstalk:environment",
                "resource": "",
                "value": "AWSServiceRoleForElasticBeanstalk"
              },
              {
                "name": "ServiceRoleForManagedUpdates",
                "namespace": "aws:elasticbeanstalk:managedactions",
                "resource": "",
                "value": ""
              },
              {
                "name": "SpotFleetOnDemandAboveBasePercentage",
                "namespace": "aws:ec2:instances",
                "resource": "",
                "value": "70"
              },
              {
                "name": "SpotFleetOnDemandBase",
                "namespace": "aws:ec2:instances",
                "resource": "",
                "value": "0"
              },
              {
                "name": "SpotMaxPrice",
                "namespace": "aws:ec2:instances",
                "resource": "",
                "value": ""
              },
              {
                "name": "Statistic",
                "namespace": "aws:autoscaling:trigger",
                "resource": "",
                "value": "Average"
              },
              {
                "name": "StickinessEnabled",
                "namespace": "aws:elasticbeanstalk:environment:process:default",
                "resource": "",
                "value": "false"
              },
              {
                "name": "StickinessLBCookieDuration",
                "namespace": "aws:elasticbeanstalk:environment:process:default",
                "resource": "",
                "value": "86400"
              },
              {
                "name": "StickinessType",
                "namespace": "aws:elasticbeanstalk:environment:process:default",
                "resource": "",
                "value": "lb_cookie"
              },
              {
                "name": "StreamLogs",
                "namespace": "aws:elasticbeanstalk:cloudwatch:logs",
                "resource": "",
                "value": "true"
              },
              {
                "name": "Subnets",
                "namespace": "aws:ec2:vpc",
                "resource": "",
                "value": "subnet-09276eb5e0fab2684,subnet-0fa682f9a3421fecb"
              },
              {
                "name": "SupportedArchitectures",
                "namespace": "aws:ec2:instances",
                "resource": "",
                "value": "x86_64"
              },
              {
                "name": "SystemType",
                "namespace": "aws:elasticbeanstalk:healthreporting:system",
                "resource": "",
                "value": "enhanced"
              },
              {
                "name": "Timeout",
                "namespace": "aws:autoscaling:updatepolicy:rollingupdate",
                "resource": "",
                "value": "PT30M"
              },
              {
                "name": "Timeout",
                "namespace": "aws:elasticbeanstalk:command",
                "resource": "",
                "value": "600"
              },
              {
                "name": "UnhealthyThresholdCount",
                "namespace": "aws:elasticbeanstalk:environment:process:default",
                "resource": "",
                "value": "5"
              },
              {
                "name": "Unit",
                "namespace": "aws:autoscaling:trigger",
                "resource": "",
                "value": "Bytes"
              },
              {
                "name": "UpdateLevel",
                "namespace": "aws:elasticbeanstalk:managedactions:platformupdate",
                "resource": "",
                "value": ""
              },
              {
                "name": "UpperBreachScaleIncrement",
                "namespace": "aws:autoscaling:trigger",
                "resource": "",
                "value": "1"
              },
              {
                "name": "UpperThreshold",
                "namespace": "aws:autoscaling:trigger",
                "resource": "",
                "value": "6000000"
              },
              {
                "name": "VPCId",
                "namespace": "aws:ec2:vpc",
                "resource": "",
                "value": "vpc-06bac30898b418e05"
              },
              {
                "name": "XRayEnabled",
                "namespace": "aws:elasticbeanstalk:xray",
                "resource": "",
                "value": "false"
              }
            ],
            "application": "myapp",
            "arn": "arn:aws:elasticbeanstalk:us-east-1:232613728225:environment/myapp/myenv4",
            "autoscaling_groups": [
              "awseb-e-ght4ssbxun-stack-AWSEBAutoScalingGroup-WTCNR6YZN6N"
            ],
            "cname": "myenv4.eba-wa4k6dwd.us-east-1.elasticbeanstalk.com",
            "cname_prefix": "",
            "description": "",
            "endpoint_url": "awseb-AWSEB-GILPWQHTN7L0-283349133.us-east-1.elb.amazonaws.com",
            "id": "e-ght4ssbxun",
            "instances": [
              "i-0fdb8a0420a3cc439"
            ],
            "launch_configurations": [
              "awseb-e-ght4ssbxun-stack-AWSEBAutoScalingLaunchConfiguration-F7cMrhBRqfhc"
            ],
            "load_balancers": [
              "arn:aws:elasticloadbalancing:us-east-1:232613728225:loadbalancer/app/awseb-AWSEB-GILPWQHTN7L0/8fd2ea5ac06c86f3"
            ],
            "name": "myenv4",
            "platform_arn": "arn:aws:elasticbeanstalk:us-east-1::platform/Docker running on 64bit Amazon Linux 2/3.4.17",
            "poll_interval": null,
            "queues": [],
            "setting": [
              {
                "name": "AssociatePublicIpAddress",
                "namespace": "aws:ec2:vpc",
                "resource": "",
                "value": "True"
              },
              {
                "name": "BatchSize",
                "namespace": "aws:elasticbeanstalk:command",
                "resource": null,
                "value": "1"
              },
              {
                "name": "BatchSizeType",
                "namespace": "aws:elasticbeanstalk:command",
                "resource": null,
                "value": "Fixed"
              },
              {
                "name": "CrossZone",
                "namespace": "aws:elb:loadbalancer",
                "resource": "",
                "value": "true"
              },
              {
                "name": "EC2KeyName",
                "namespace": "aws:autoscaling:launchconfiguration",
                "resource": null,
                "value": "cloudwatch"
              },
              {
                "name": "ELBScheme",
                "namespace": "aws:ec2:vpc",
                "resource": null,
                "value": "internet facing"
              },
              {
                "name": "ELBSubnets",
                "namespace": "aws:ec2:vpc",
                "resource": null,
                "value": "subnet-0fa682f9a3421fecb,subnet-09276eb5e0fab2684"
              },
              {
                "name": "HealthStreamingEnabled",
                "namespace": "aws:elasticbeanstalk:cloudwatch:logs:health",
                "resource": "",
                "value": "true"
              },
              {
                "name": "IamInstanceProfile",
                "namespace": "aws:autoscaling:launchconfiguration",
                "resource": null,
                "value": "event-driven-ec2-profile"
              },
              {
                "name": "InstancePort",
                "namespace": "aws:elb:listener:22",
                "resource": "",
                "value": "22"
              },
              {
                "name": "InstanceType",
                "namespace": "aws:autoscaling:launchconfiguration",
                "resource": null,
                "value": "t2.micro"
              },
              {
                "name": "ListenerEnabled",
                "namespace": "aws:elb:listener:22",
                "resource": "",
                "value": "false"
              },
              {
                "name": "ListenerProtocol",
                "namespace": "aws:elb:listener:22",
                "resource": "",
                "value": "TCP"
              },
              {
                "name": "LoadBalancerType",
                "namespace": "aws:elasticbeanstalk:environment",
                "resource": null,
                "value": "application"
              },
              {
                "name": "MatcherHTTPCode",
                "namespace": "aws:elasticbeanstalk:environment:process:default",
                "resource": null,
                "value": "200"
              },
              {
                "name": "MaxSize",
                "namespace": "aws:autoscaling:asg",
                "resource": null,
                "value": "2"
              },
              {
                "name": "MinInstancesInService",
                "namespace": "aws:autoscaling:updatepolicy:rollingupdate",
                "resource": null,
                "value": "1"
              },
              {
                "name": "MinSize",
                "namespace": "aws:autoscaling:asg",
                "resource": null,
                "value": "1"
              },
              {
                "name": "Protocol",
                "namespace": "aws:elasticbeanstalk:environment:process:default",
                "resource": null,
                "value": "HTTP"
              },
              {
                "name": "StreamLogs",
                "namespace": "aws:elasticbeanstalk:cloudwatch:logs",
                "resource": "",
                "value": "true"
              },
              {
                "name": "Subnets",
                "namespace": "aws:ec2:vpc",
                "resource": null,
                "value": "subnet-0fa682f9a3421fecb,subnet-09276eb5e0fab2684"
              },
              {
                "name": "SystemType",
                "namespace": "aws:elasticbeanstalk:healthreporting:system",
                "resource": null,
                "value": "enhanced"
              },
              {
                "name": "VPCId",
                "namespace": "aws:ec2:vpc",
                "resource": null,
                "value": "vpc-06bac30898b418e05"
              }
            ],
            "solution_stack_name": "64bit Amazon Linux 2 v3.4.17 running Docker",
            "tags": {
              "created_by": "akshay-terraform"
            },
            "tags_all": {
              "created_by": "akshay-terraform"
            },
            "template_name": null,
            "tier": "WebServer",
            "triggers": [],
            "version_label": "",
            "wait_for_ready_timeout": "60m"
          },
          "sensitive_attributes": [],
          "private": "eyJzY2hlbWFfdmVyc2lvbiI6IjEifQ==",
          "dependencies": [
            "aws_elastic_beanstalk_application.elasticapp",
            "aws_iam_instance_profile.ec2_eb_profile",
            "aws_key_pair.cloudwatch"
          ]
        }
      ]
    },
    {
      "mode": "managed",
      "type": "aws_iam_instance_profile",
      "name": "ec2_eb_profile",
      "provider": "provider[\"registry.terraform.io/hashicorp/aws\"]",
      "instances": [
        {
          "schema_version": 0,
          "attributes": {
            "arn": "arn:aws:iam::232613728225:instance-profile/event-driven-ec2-profile",
            "create_date": "2022-07-15T06:28:52Z",
            "id": "event-driven-ec2-profile",
            "name": "event-driven-ec2-profile",
            "name_prefix": null,
            "path": "/",
            "role": "event-driven-ec2-role",
            "tags": {
              "created_by": "akshay-terraform"
            },
            "tags_all": {
              "created_by": "akshay-terraform"
            },
            "unique_id": "AIPATMKG3Z7QRA3AROKW2"
          },
          "sensitive_attributes": [],
          "private": "bnVsbA==",
          "dependencies": [
            "aws_iam_role.ec2_role",
            "data.aws_iam_policy_document.assume_policy",
            "data.aws_iam_policy_document.permissions"
          ]
        }
      ]
    },
    {
      "mode": "managed",
      "type": "aws_iam_role",
      "name": "ec2_role",
      "provider": "provider[\"registry.terraform.io/hashicorp/aws\"]",
      "instances": [
        {
          "schema_version": 0,
          "attributes": {
            "arn": "arn:aws:iam::232613728225:role/event-driven-ec2-role",
            "assume_role_policy": "{\"Version\":\"2012-10-17\",\"Statement\":[{\"Sid\":\"\",\"Effect\":\"Allow\",\"Principal\":{\"Service\":\"ec2.amazonaws.com\"},\"Action\":\"sts:AssumeRole\"}]}",
            "create_date": "2022-07-15T06:28:48Z",
            "description": "",
            "force_detach_policies": false,
            "id": "event-driven-ec2-role",
            "inline_policy": [
              {
                "name": "eb-application-permissions",
                "policy": "{\n  \"Version\": \"2012-10-17\",\n  \"Statement\": [\n    {\n      \"Sid\": \"\",\n      \"Effect\": \"Allow\",\n      \"Action\": [\n        \"ssm:*\",\n        \"sqs:*\",\n        \"s3:*\",\n        \"ec2messages:*\",\n        \"ec2:DescribeInstanceStatus\",\n        \"cloudwatch:PutMetricData\"\n      ],\n      \"Resource\": \"*\"\n    }\n  ]\n}"
              }
            ],
            "managed_policy_arns": [
              "arn:aws:iam::aws:policy/AWSElasticBeanstalkMulticontainerDocker",
              "arn:aws:iam::aws:policy/AWSElasticBeanstalkWebTier",
              "arn:aws:iam::aws:policy/AWSElasticBeanstalkWorkerTier",
              "arn:aws:iam::aws:policy/EC2InstanceProfileForImageBuilderECRContainerBuilds"
            ],
            "max_session_duration": 3600,
            "name": "event-driven-ec2-role",
            "name_prefix": "",
            "path": "/",
            "permissions_boundary": null,
            "tags": {
              "created_by": "akshay-terraform"
            },
            "tags_all": {
              "created_by": "akshay-terraform"
            },
            "unique_id": "AROATMKG3Z7QSQ7JYM5FG"
          },
          "sensitive_attributes": [],
          "private": "bnVsbA==",
          "dependencies": [
            "data.aws_iam_policy_document.assume_policy",
            "data.aws_iam_policy_document.permissions"
          ]
        }
      ]
    },
    {
      "mode": "managed",
      "type": "aws_key_pair",
      "name": "cloudwatch",
      "provider": "provider[\"registry.terraform.io/hashicorp/aws\"]",
      "instances": [
        {
          "schema_version": 1,
          "attributes": {
            "arn": "arn:aws:ec2:us-east-1:232613728225:key-pair/cloudwatch",
            "fingerprint": "ec:7c:c8:9a:f9:f5:8b:3a:04:5e:24:4b:f6:6b:30:f6",
            "id": "cloudwatch",
            "key_name": "cloudwatch",
            "key_name_prefix": "",
            "key_pair_id": "key-06255afef9c0b9abc",
            "key_type": "rsa",
            "public_key": "ssh-rsa AAAAB3NzaC1yc2EAAAADAQABAAABgQCaDLncV9WMa7Y43cEpKqHQpWmwTvNnMPk26trL+A4pSTbwZ8PkihoZK52wN/OCo8b5RW12zO5reHI4Yo2vowtUv7RuiW6XPG3NagQYLSBACpTvLH2OpAFrKOpK3y2hLnuvxtND3XzX9TLiFjgzFIFLHO0/jHCZGYZ5mxnkAq97dIiGHWLRXH0/Z7CrWKy02aEoJ+PzeZy8S9CSfRqYNtRRD3MwGhR5oJg9nQzamapZEdLAUA3ylZGFrUgeuWrN3NsHVGa7zEGloxViugr9jrLPjUqRrgMuyDdWS6Xh+AGjhOGKmxN92ki70z3Y+EX6dcvOLBPyBblmvZgMS4R00k3NY4GjNFd74VapEwUzc8m6B3aq45vAfy6ohX197EWO9bYw8XZlFKbnk+ddIgBp0Dy8/9+qr45ogpIFi9VNGmlr5puTTO8Z2KSoQ8+pnCXPI94NC5kChd1rXV6o7v4zGdUi5DXmLd5HucImrBU3kgHcgp9CIon3BbiYGqXxUjopGrs= akshay_saini",
            "tags": {},
            "tags_all": {}
          },
          "sensitive_attributes": [],
          "private": "eyJzY2hlbWFfdmVyc2lvbiI6IjEifQ=="
        }
      ]
    },
    {
      "mode": "managed",
      "type": "aws_security_group",
      "name": "allow_tls_0",
      "provider": "provider[\"registry.terraform.io/hashicorp/aws\"]",
      "instances": [
        {
          "schema_version": 1,
          "attributes": {
            "arn": "arn:aws:ec2:us-east-1:232613728225:security-group/sg-005b1806e7db9382a",
            "description": "Allow TLS inbound traffic",
            "egress": [
              {
                "cidr_blocks": [
                  "0.0.0.0/0"
                ],
                "description": "",
                "from_port": 0,
                "ipv6_cidr_blocks": [
                  "::/0"
                ],
                "prefix_list_ids": [],
                "protocol": "-1",
                "security_groups": [],
                "self": false,
                "to_port": 0
              }
            ],
            "id": "sg-005b1806e7db9382a",
            "ingress": [
              {
                "cidr_blocks": [
                  "0.0.0.0/0"
                ],
                "description": "TLS from VPC",
                "from_port": 443,
                "ipv6_cidr_blocks": [],
                "prefix_list_ids": [],
                "protocol": "tcp",
                "security_groups": [],
                "self": false,
                "to_port": 443
              }
            ],
            "name": "allow_tls_0",
            "name_prefix": "",
            "owner_id": "232613728225",
            "revoke_rules_on_delete": false,
            "tags": {
              "Name": "allow_tls_0"
            },
            "tags_all": {
              "Name": "allow_tls_0"
            },
            "timeouts": null,
            "vpc_id": "vpc-06bac30898b418e05"
          },
          "sensitive_attributes": [],
          "private": "eyJlMmJmYjczMC1lY2FhLTExZTYtOGY4OC0zNDM2M2JjN2M0YzAiOnsiY3JlYXRlIjo2MDAwMDAwMDAwMDAsImRlbGV0ZSI6OTAwMDAwMDAwMDAwfSwic2NoZW1hX3ZlcnNpb24iOiIxIn0="
        }
      ]
    }
  ]
}
